// !$*UTF8*$!
{
	archiveVersion = 1;
	classes = {
	};
	objectVersion = 48;
	objects = {

/* Begin PBXBuildFile section */
		80678A571FE7B42C00F4174D /* CycleBanner.framework in Frameworks */ = {isa = PBXBuildFile; fileRef = 80678A561FE7B42400F4174D /* CycleBanner.framework */; };
		80678A581FE7B42C00F4174D /* CycleBanner.framework in Embed Frameworks */ = {isa = PBXBuildFile; fileRef = 80678A561FE7B42400F4174D /* CycleBanner.framework */; settings = {ATTRIBUTES = (CodeSignOnCopy, RemoveHeadersOnCopy, ); }; };
		80678A611FE7B5D000F4174D /* CustomCycleBannerViewCell.swift in Sources */ = {isa = PBXBuildFile; fileRef = 80678A601FE7B5D000F4174D /* CustomCycleBannerViewCell.swift */; };
		80678A631FE7B5D800F4174D /* CustomCycleBannerViewCell.xib in Resources */ = {isa = PBXBuildFile; fileRef = 80678A621FE7B5D800F4174D /* CustomCycleBannerViewCell.xib */; };
		80B2183E1FE7B3150049A3F8 /* AppDelegate.swift in Sources */ = {isa = PBXBuildFile; fileRef = 80B2183D1FE7B3150049A3F8 /* AppDelegate.swift */; };
		80B218401FE7B3150049A3F8 /* ViewController.swift in Sources */ = {isa = PBXBuildFile; fileRef = 80B2183F1FE7B3150049A3F8 /* ViewController.swift */; };
		80B218431FE7B3150049A3F8 /* Main.storyboard in Resources */ = {isa = PBXBuildFile; fileRef = 80B218411FE7B3150049A3F8 /* Main.storyboard */; };
		80B218451FE7B3150049A3F8 /* Assets.xcassets in Resources */ = {isa = PBXBuildFile; fileRef = 80B218441FE7B3150049A3F8 /* Assets.xcassets */; };
		80B218481FE7B3150049A3F8 /* LaunchScreen.storyboard in Resources */ = {isa = PBXBuildFile; fileRef = 80B218461FE7B3150049A3F8 /* LaunchScreen.storyboard */; };
		80B218531FE7B3150049A3F8 /* ExampleTests.swift in Sources */ = {isa = PBXBuildFile; fileRef = 80B218521FE7B3150049A3F8 /* ExampleTests.swift */; };
		80B2185E1FE7B3150049A3F8 /* ExampleUITests.swift in Sources */ = {isa = PBXBuildFile; fileRef = 80B2185D1FE7B3150049A3F8 /* ExampleUITests.swift */; };
/* End PBXBuildFile section */

/* Begin PBXContainerItemProxy section */
		80B2184F1FE7B3150049A3F8 /* PBXContainerItemProxy */ = {
			isa = PBXContainerItemProxy;
			containerPortal = 80B218321FE7B3150049A3F8 /* Project object */;
			proxyType = 1;
			remoteGlobalIDString = 80B218391FE7B3150049A3F8;
			remoteInfo = Example;
		};
		80B2185A1FE7B3150049A3F8 /* PBXContainerItemProxy */ = {
			isa = PBXContainerItemProxy;
			containerPortal = 80B218321FE7B3150049A3F8 /* Project object */;
			proxyType = 1;
			remoteGlobalIDString = 80B218391FE7B3150049A3F8;
			remoteInfo = Example;
		};
/* End PBXContainerItemProxy section */

/* Begin PBXCopyFilesBuildPhase section */
		80678A591FE7B42C00F4174D /* Embed Frameworks */ = {
			isa = PBXCopyFilesBuildPhase;
			buildActionMask = 2147483647;
			dstPath = "";
			dstSubfolderSpec = 10;
			files = (
				80678A581FE7B42C00F4174D /* CycleBanner.framework in Embed Frameworks */,
			);
			name = "Embed Frameworks";
			runOnlyForDeploymentPostprocessing = 0;
		};
/* End PBXCopyFilesBuildPhase section */

/* Begin PBXFileReference section */
		80678A561FE7B42400F4174D /* CycleBanner.framework */ = {isa = PBXFileReference; explicitFileType = wrapper.framework; path = CycleBanner.framework; sourceTree = BUILT_PRODUCTS_DIR; };
		80678A601FE7B5D000F4174D /* CustomCycleBannerViewCell.swift */ = {isa = PBXFileReference; lastKnownFileType = sourcecode.swift; path = CustomCycleBannerViewCell.swift; sourceTree = "<group>"; };
		80678A621FE7B5D800F4174D /* CustomCycleBannerViewCell.xib */ = {isa = PBXFileReference; lastKnownFileType = file.xib; path = CustomCycleBannerViewCell.xib; sourceTree = "<group>"; };
		80B2183A1FE7B3150049A3F8 /* Example.app */ = {isa = PBXFileReference; explicitFileType = wrapper.application; includeInIndex = 0; path = Example.app; sourceTree = BUILT_PRODUCTS_DIR; };
		80B2183D1FE7B3150049A3F8 /* AppDelegate.swift */ = {isa = PBXFileReference; lastKnownFileType = sourcecode.swift; path = AppDelegate.swift; sourceTree = "<group>"; };
		80B2183F1FE7B3150049A3F8 /* ViewController.swift */ = {isa = PBXFileReference; lastKnownFileType = sourcecode.swift; path = ViewController.swift; sourceTree = "<group>"; };
		80B218421FE7B3150049A3F8 /* Base */ = {isa = PBXFileReference; lastKnownFileType = file.storyboard; name = Base; path = Base.lproj/Main.storyboard; sourceTree = "<group>"; };
		80B218441FE7B3150049A3F8 /* Assets.xcassets */ = {isa = PBXFileReference; lastKnownFileType = folder.assetcatalog; path = Assets.xcassets; sourceTree = "<group>"; };
		80B218471FE7B3150049A3F8 /* Base */ = {isa = PBXFileReference; lastKnownFileType = file.storyboard; name = Base; path = Base.lproj/LaunchScreen.storyboard; sourceTree = "<group>"; };
		80B218491FE7B3150049A3F8 /* Info.plist */ = {isa = PBXFileReference; lastKnownFileType = text.plist.xml; path = Info.plist; sourceTree = "<group>"; };
		80B2184E1FE7B3150049A3F8 /* ExampleTests.xctest */ = {isa = PBXFileReference; explicitFileType = wrapper.cfbundle; includeInIndex = 0; path = ExampleTests.xctest; sourceTree = BUILT_PRODUCTS_DIR; };
		80B218521FE7B3150049A3F8 /* ExampleTests.swift */ = {isa = PBXFileReference; lastKnownFileType = sourcecode.swift; path = ExampleTests.swift; sourceTree = "<group>"; };
		80B218541FE7B3150049A3F8 /* Info.plist */ = {isa = PBXFileReference; lastKnownFileType = text.plist.xml; path = Info.plist; sourceTree = "<group>"; };
		80B218591FE7B3150049A3F8 /* ExampleUITests.xctest */ = {isa = PBXFileReference; explicitFileType = wrapper.cfbundle; includeInIndex = 0; path = ExampleUITests.xctest; sourceTree = BUILT_PRODUCTS_DIR; };
		80B2185D1FE7B3150049A3F8 /* ExampleUITests.swift */ = {isa = PBXFileReference; lastKnownFileType = sourcecode.swift; path = ExampleUITests.swift; sourceTree = "<group>"; };
		80B2185F1FE7B3150049A3F8 /* Info.plist */ = {isa = PBXFileReference; lastKnownFileType = text.plist.xml; path = Info.plist; sourceTree = "<group>"; };
/* End PBXFileReference section */

/* Begin PBXFrameworksBuildPhase section */
		80B218371FE7B3150049A3F8 /* Frameworks */ = {
			isa = PBXFrameworksBuildPhase;
			buildActionMask = 2147483647;
			files = (
				80678A571FE7B42C00F4174D /* CycleBanner.framework in Frameworks */,
			);
			runOnlyForDeploymentPostprocessing = 0;
		};
		80B2184B1FE7B3150049A3F8 /* Frameworks */ = {
			isa = PBXFrameworksBuildPhase;
			buildActionMask = 2147483647;
			files = (
			);
			runOnlyForDeploymentPostprocessing = 0;
		};
		80B218561FE7B3150049A3F8 /* Frameworks */ = {
			isa = PBXFrameworksBuildPhase;
			buildActionMask = 2147483647;
			files = (
			);
			runOnlyForDeploymentPostprocessing = 0;
		};
/* End PBXFrameworksBuildPhase section */

/* Begin PBXGroup section */
		80678A541FE7B42400F4174D /* Frameworks */ = {
			isa = PBXGroup;
			children = (
				80678A561FE7B42400F4174D /* CycleBanner.framework */,
			);
			name = Frameworks;
			sourceTree = "<group>";
		};
		80B218311FE7B3150049A3F8 = {
			isa = PBXGroup;
			children = (
				80B2183C1FE7B3150049A3F8 /* Example */,
				80B218511FE7B3150049A3F8 /* ExampleTests */,
				80B2185C1FE7B3150049A3F8 /* ExampleUITests */,
				80B2183B1FE7B3150049A3F8 /* Products */,
				80678A541FE7B42400F4174D /* Frameworks */,
			);
			sourceTree = "<group>";
		};
		80B2183B1FE7B3150049A3F8 /* Products */ = {
			isa = PBXGroup;
			children = (
				80B2183A1FE7B3150049A3F8 /* Example.app */,
				80B2184E1FE7B3150049A3F8 /* ExampleTests.xctest */,
				80B218591FE7B3150049A3F8 /* ExampleUITests.xctest */,
			);
			name = Products;
			sourceTree = "<group>";
		};
		80B2183C1FE7B3150049A3F8 /* Example */ = {
			isa = PBXGroup;
			children = (
				80B2183D1FE7B3150049A3F8 /* AppDelegate.swift */,
				80B2183F1FE7B3150049A3F8 /* ViewController.swift */,
				80B218411FE7B3150049A3F8 /* Main.storyboard */,
				80678A601FE7B5D000F4174D /* CustomCycleBannerViewCell.swift */,
				80678A621FE7B5D800F4174D /* CustomCycleBannerViewCell.xib */,
				80B218441FE7B3150049A3F8 /* Assets.xcassets */,
				80B218461FE7B3150049A3F8 /* LaunchScreen.storyboard */,
				80B218491FE7B3150049A3F8 /* Info.plist */,
			);
			path = Example;
			sourceTree = "<group>";
		};
		80B218511FE7B3150049A3F8 /* ExampleTests */ = {
			isa = PBXGroup;
			children = (
				80B218521FE7B3150049A3F8 /* ExampleTests.swift */,
				80B218541FE7B3150049A3F8 /* Info.plist */,
			);
			path = ExampleTests;
			sourceTree = "<group>";
		};
		80B2185C1FE7B3150049A3F8 /* ExampleUITests */ = {
			isa = PBXGroup;
			children = (
				80B2185D1FE7B3150049A3F8 /* ExampleUITests.swift */,
				80B2185F1FE7B3150049A3F8 /* Info.plist */,
			);
			path = ExampleUITests;
			sourceTree = "<group>";
		};
/* End PBXGroup section */

/* Begin PBXNativeTarget section */
		80B218391FE7B3150049A3F8 /* Example */ = {
			isa = PBXNativeTarget;
			buildConfigurationList = 80B218621FE7B3150049A3F8 /* Build configuration list for PBXNativeTarget "Example" */;
			buildPhases = (
				80B218361FE7B3150049A3F8 /* Sources */,
				80B218371FE7B3150049A3F8 /* Frameworks */,
				80B218381FE7B3150049A3F8 /* Resources */,
				80678A591FE7B42C00F4174D /* Embed Frameworks */,
			);
			buildRules = (
			);
			dependencies = (
			);
			name = Example;
			productName = Example;
			productReference = 80B2183A1FE7B3150049A3F8 /* Example.app */;
			productType = "com.apple.product-type.application";
		};
		80B2184D1FE7B3150049A3F8 /* ExampleTests */ = {
			isa = PBXNativeTarget;
			buildConfigurationList = 80B218651FE7B3150049A3F8 /* Build configuration list for PBXNativeTarget "ExampleTests" */;
			buildPhases = (
				80B2184A1FE7B3150049A3F8 /* Sources */,
				80B2184B1FE7B3150049A3F8 /* Frameworks */,
				80B2184C1FE7B3150049A3F8 /* Resources */,
			);
			buildRules = (
			);
			dependencies = (
				80B218501FE7B3150049A3F8 /* PBXTargetDependency */,
			);
			name = ExampleTests;
			productName = ExampleTests;
			productReference = 80B2184E1FE7B3150049A3F8 /* ExampleTests.xctest */;
			productType = "com.apple.product-type.bundle.unit-test";
		};
		80B218581FE7B3150049A3F8 /* ExampleUITests */ = {
			isa = PBXNativeTarget;
			buildConfigurationList = 80B218681FE7B3150049A3F8 /* Build configuration list for PBXNativeTarget "ExampleUITests" */;
			buildPhases = (
				80B218551FE7B3150049A3F8 /* Sources */,
				80B218561FE7B3150049A3F8 /* Frameworks */,
				80B218571FE7B3150049A3F8 /* Resources */,
			);
			buildRules = (
			);
			dependencies = (
				80B2185B1FE7B3150049A3F8 /* PBXTargetDependency */,
			);
			name = ExampleUITests;
			productName = ExampleUITests;
			productReference = 80B218591FE7B3150049A3F8 /* ExampleUITests.xctest */;
			productType = "com.apple.product-type.bundle.ui-testing";
		};
/* End PBXNativeTarget section */

/* Begin PBXProject section */
		80B218321FE7B3150049A3F8 /* Project object */ = {
			isa = PBXProject;
			attributes = {
				LastSwiftUpdateCheck = 0920;
				LastUpgradeCheck = 0920;
				ORGANIZATIONNAME = Jiar;
				TargetAttributes = {
					80B218391FE7B3150049A3F8 = {
						CreatedOnToolsVersion = 9.2;
						ProvisioningStyle = Automatic;
					};
					80B2184D1FE7B3150049A3F8 = {
						CreatedOnToolsVersion = 9.2;
						ProvisioningStyle = Automatic;
						TestTargetID = 80B218391FE7B3150049A3F8;
					};
					80B218581FE7B3150049A3F8 = {
						CreatedOnToolsVersion = 9.2;
						ProvisioningStyle = Automatic;
						TestTargetID = 80B218391FE7B3150049A3F8;
					};
				};
			};
			buildConfigurationList = 80B218351FE7B3150049A3F8 /* Build configuration list for PBXProject "Example" */;
			compatibilityVersion = "Xcode 8.0";
			developmentRegion = en;
			hasScannedForEncodings = 0;
			knownRegions = (
				en,
				Base,
			);
			mainGroup = 80B218311FE7B3150049A3F8;
			productRefGroup = 80B2183B1FE7B3150049A3F8 /* Products */;
			projectDirPath = "";
			projectRoot = "";
			targets = (
				80B218391FE7B3150049A3F8 /* Example */,
				80B2184D1FE7B3150049A3F8 /* ExampleTests */,
				80B218581FE7B3150049A3F8 /* ExampleUITests */,
			);
		};
/* End PBXProject section */

/* Begin PBXResourcesBuildPhase section */
		80B218381FE7B3150049A3F8 /* Resources */ = {
			isa = PBXResourcesBuildPhase;
			buildActionMask = 2147483647;
			files = (
				80B218481FE7B3150049A3F8 /* LaunchScreen.storyboard in Resources */,
				80B218451FE7B3150049A3F8 /* Assets.xcassets in Resources */,
				80678A631FE7B5D800F4174D /* CustomCycleBannerViewCell.xib in Resources */,
				80B218431FE7B3150049A3F8 /* Main.storyboard in Resources */,
			);
			runOnlyForDeploymentPostprocessing = 0;
		};
		80B2184C1FE7B3150049A3F8 /* Resources */ = {
			isa = PBXResourcesBuildPhase;
			buildActionMask = 2147483647;
			files = (
			);
			runOnlyForDeploymentPostprocessing = 0;
		};
		80B218571FE7B3150049A3F8 /* Resources */ = {
			isa = PBXResourcesBuildPhase;
			buildActionMask = 2147483647;
			files = (
			);
			runOnlyForDeploymentPostprocessing = 0;
		};
/* End PBXResourcesBuildPhase section */

/* Begin PBXSourcesBuildPhase section */
		80B218361FE7B3150049A3F8 /* Sources */ = {
			isa = PBXSourcesBuildPhase;
			buildActionMask = 2147483647;
			files = (
				80678A611FE7B5D000F4174D /* CustomCycleBannerViewCell.swift in Sources */,
				80B218401FE7B3150049A3F8 /* ViewController.swift in Sources */,
				80B2183E1FE7B3150049A3F8 /* AppDelegate.swift in Sources */,
			);
			runOnlyForDeploymentPostprocessing = 0;
		};
		80B2184A1FE7B3150049A3F8 /* Sources */ = {
			isa = PBXSourcesBuildPhase;
			buildActionMask = 2147483647;
			files = (
				80B218531FE7B3150049A3F8 /* ExampleTests.swift in Sources */,
			);
			runOnlyForDeploymentPostprocessing = 0;
		};
		80B218551FE7B3150049A3F8 /* Sources */ = {
			isa = PBXSourcesBuildPhase;
			buildActionMask = 2147483647;
			files = (
				80B2185E1FE7B3150049A3F8 /* ExampleUITests.swift in Sources */,
			);
			runOnlyForDeploymentPostprocessing = 0;
		};
/* End PBXSourcesBuildPhase section */

/* Begin PBXTargetDependency section */
		80B218501FE7B3150049A3F8 /* PBXTargetDependency */ = {
			isa = PBXTargetDependency;
			target = 80B218391FE7B3150049A3F8 /* Example */;
			targetProxy = 80B2184F1FE7B3150049A3F8 /* PBXContainerItemProxy */;
		};
		80B2185B1FE7B3150049A3F8 /* PBXTargetDependency */ = {
			isa = PBXTargetDependency;
			target = 80B218391FE7B3150049A3F8 /* Example */;
			targetProxy = 80B2185A1FE7B3150049A3F8 /* PBXContainerItemProxy */;
		};
/* End PBXTargetDependency section */

/* Begin PBXVariantGroup section */
		80B218411FE7B3150049A3F8 /* Main.storyboard */ = {
			isa = PBXVariantGroup;
			children = (
				80B218421FE7B3150049A3F8 /* Base */,
			);
			name = Main.storyboard;
			sourceTree = "<group>";
		};
		80B218461FE7B3150049A3F8 /* LaunchScreen.storyboard */ = {
			isa = PBXVariantGroup;
			children = (
				80B218471FE7B3150049A3F8 /* Base */,
			);
			name = LaunchScreen.storyboard;
			sourceTree = "<group>";
		};
/* End PBXVariantGroup section */

/* Begin XCBuildConfiguration section */
		80B218601FE7B3150049A3F8 /* Debug */ = {
			isa = XCBuildConfiguration;
			buildSettings = {
				ALWAYS_SEARCH_USER_PATHS = NO;
				CLANG_ANALYZER_NONNULL = YES;
				CLANG_ANALYZER_NUMBER_OBJECT_CONVERSION = YES_AGGRESSIVE;
				CLANG_CXX_LANGUAGE_STANDARD = "gnu++14";
				CLANG_CXX_LIBRARY = "libc++";
				CLANG_ENABLE_MODULES = YES;
				CLANG_ENABLE_OBJC_ARC = YES;
				CLANG_WARN_BLOCK_CAPTURE_AUTORELEASING = YES;
				CLANG_WARN_BOOL_CONVERSION = YES;
				CLANG_WARN_COMMA = YES;
				CLANG_WARN_CONSTANT_CONVERSION = YES;
				CLANG_WARN_DIRECT_OBJC_ISA_USAGE = YES_ERROR;
				CLANG_WARN_DOCUMENTATION_COMMENTS = YES;
				CLANG_WARN_EMPTY_BODY = YES;
				CLANG_WARN_ENUM_CONVERSION = YES;
				CLANG_WARN_INFINITE_RECURSION = YES;
				CLANG_WARN_INT_CONVERSION = YES;
				CLANG_WARN_NON_LITERAL_NULL_CONVERSION = YES;
				CLANG_WARN_OBJC_LITERAL_CONVERSION = YES;
				CLANG_WARN_OBJC_ROOT_CLASS = YES_ERROR;
				CLANG_WARN_RANGE_LOOP_ANALYSIS = YES;
				CLANG_WARN_STRICT_PROTOTYPES = YES;
				CLANG_WARN_SUSPICIOUS_MOVE = YES;
				CLANG_WARN_UNGUARDED_AVAILABILITY = YES_AGGRESSIVE;
				CLANG_WARN_UNREACHABLE_CODE = YES;
				CLANG_WARN__DUPLICATE_METHOD_MATCH = YES;
				CODE_SIGN_IDENTITY = "iPhone Developer";
				COPY_PHASE_STRIP = NO;
				DEBUG_INFORMATION_FORMAT = dwarf;
				ENABLE_STRICT_OBJC_MSGSEND = YES;
				ENABLE_TESTABILITY = YES;
				GCC_C_LANGUAGE_STANDARD = gnu11;
				GCC_DYNAMIC_NO_PIC = NO;
				GCC_NO_COMMON_BLOCKS = YES;
				GCC_OPTIMIZATION_LEVEL = 0;
				GCC_PREPROCESSOR_DEFINITIONS = (
					"DEBUG=1",
					"$(inherited)",
				);
				GCC_WARN_64_TO_32_BIT_CONVERSION = YES;
				GCC_WARN_ABOUT_RETURN_TYPE = YES_ERROR;
				GCC_WARN_UNDECLARED_SELECTOR = YES;
				GCC_WARN_UNINITIALIZED_AUTOS = YES_AGGRESSIVE;
				GCC_WARN_UNUSED_FUNCTION = YES;
				GCC_WARN_UNUSED_VARIABLE = YES;
				IPHONEOS_DEPLOYMENT_TARGET = 11.2;
				MTL_ENABLE_DEBUG_INFO = YES;
				ONLY_ACTIVE_ARCH = YES;
				SDKROOT = iphoneos;
				SWIFT_ACTIVE_COMPILATION_CONDITIONS = DEBUG;
				SWIFT_OPTIMIZATION_LEVEL = "-Onone";
			};
			name = Debug;
		};
		80B218611FE7B3150049A3F8 /* Release */ = {
			isa = XCBuildConfiguration;
			buildSettings = {
				ALWAYS_SEARCH_USER_PATHS = NO;
				CLANG_ANALYZER_NONNULL = YES;
				CLANG_ANALYZER_NUMBER_OBJECT_CONVERSION = YES_AGGRESSIVE;
				CLANG_CXX_LANGUAGE_STANDARD = "gnu++14";
				CLANG_CXX_LIBRARY = "libc++";
				CLANG_ENABLE_MODULES = YES;
				CLANG_ENABLE_OBJC_ARC = YES;
				CLANG_WARN_BLOCK_CAPTURE_AUTORELEASING = YES;
				CLANG_WARN_BOOL_CONVERSION = YES;
				CLANG_WARN_COMMA = YES;
				CLANG_WARN_CONSTANT_CONVERSION = YES;
				CLANG_WARN_DIRECT_OBJC_ISA_USAGE = YES_ERROR;
				CLANG_WARN_DOCUMENTATION_COMMENTS = YES;
				CLANG_WARN_EMPTY_BODY = YES;
				CLANG_WARN_ENUM_CONVERSION = YES;
				CLANG_WARN_INFINITE_RECURSION = YES;
				CLANG_WARN_INT_CONVERSION = YES;
				CLANG_WARN_NON_LITERAL_NULL_CONVERSION = YES;
				CLANG_WARN_OBJC_LITERAL_CONVERSION = YES;
				CLANG_WARN_OBJC_ROOT_CLASS = YES_ERROR;
				CLANG_WARN_RANGE_LOOP_ANALYSIS = YES;
				CLANG_WARN_STRICT_PROTOTYPES = YES;
				CLANG_WARN_SUSPICIOUS_MOVE = YES;
				CLANG_WARN_UNGUARDED_AVAILABILITY = YES_AGGRESSIVE;
				CLANG_WARN_UNREACHABLE_CODE = YES;
				CLANG_WARN__DUPLICATE_METHOD_MATCH = YES;
				CODE_SIGN_IDENTITY = "iPhone Developer";
				COPY_PHASE_STRIP = NO;
				DEBUG_INFORMATION_FORMAT = "dwarf-with-dsym";
				ENABLE_NS_ASSERTIONS = NO;
				ENABLE_STRICT_OBJC_MSGSEND = YES;
				GCC_C_LANGUAGE_STANDARD = gnu11;
				GCC_NO_COMMON_BLOCKS = YES;
				GCC_WARN_64_TO_32_BIT_CONVERSION = YES;
				GCC_WARN_ABOUT_RETURN_TYPE = YES_ERROR;
				GCC_WARN_UNDECLARED_SELECTOR = YES;
				GCC_WARN_UNINITIALIZED_AUTOS = YES_AGGRESSIVE;
				GCC_WARN_UNUSED_FUNCTION = YES;
				GCC_WARN_UNUSED_VARIABLE = YES;
				IPHONEOS_DEPLOYMENT_TARGET = 11.2;
				MTL_ENABLE_DEBUG_INFO = NO;
				SDKROOT = iphoneos;
				SWIFT_OPTIMIZATION_LEVEL = "-Owholemodule";
				VALIDATE_PRODUCT = YES;
			};
			name = Release;
		};
		80B218631FE7B3150049A3F8 /* Debug */ = {
			isa = XCBuildConfiguration;
			buildSettings = {
				ASSETCATALOG_COMPILER_APPICON_NAME = AppIcon;
				CODE_SIGN_STYLE = Automatic;
				DEVELOPMENT_TEAM = D4MTBNMTU5;
				INFOPLIST_FILE = Example/Info.plist;
				IPHONEOS_DEPLOYMENT_TARGET = 9.0;
				LD_RUNPATH_SEARCH_PATHS = "$(inherited) @executable_path/Frameworks";
				PRODUCT_BUNDLE_IDENTIFIER = Jiar.Example;
				PRODUCT_NAME = "$(TARGET_NAME)";
				SWIFT_VERSION = 4.0;
				TARGETED_DEVICE_FAMILY = "1,2";
			};
			name = Debug;
		};
		80B218641FE7B3150049A3F8 /* Release */ = {
			isa = XCBuildConfiguration;
			buildSettings = {
				ASSETCATALOG_COMPILER_APPICON_NAME = AppIcon;
				CODE_SIGN_STYLE = Automatic;
				DEVELOPMENT_TEAM = D4MTBNMTU5;
				INFOPLIST_FILE = Example/Info.plist;
				IPHONEOS_DEPLOYMENT_TARGET = 9.0;
				LD_RUNPATH_SEARCH_PATHS = "$(inherited) @executable_path/Frameworks";
				PRODUCT_BUNDLE_IDENTIFIER = Jiar.Example;
				PRODUCT_NAME = "$(TARGET_NAME)";
				SWIFT_VERSION = 4.0;
				TARGETED_DEVICE_FAMILY = "1,2";
			};
			name = Release;
		};
		80B218661FE7B3150049A3F8 /* Debug */ = {
			isa = XCBuildConfiguration;
			buildSettings = {
				ALWAYS_EMBED_SWIFT_STANDARD_LIBRARIES = YES;
				BUNDLE_LOADER = "$(TEST_HOST)";
				CODE_SIGN_STYLE = Automatic;
				INFOPLIST_FILE = ExampleTests/Info.plist;
				LD_RUNPATH_SEARCH_PATHS = "$(inherited) @executable_path/Frameworks @loader_path/Frameworks";
				PRODUCT_BUNDLE_IDENTIFIER = Jiar.ExampleTests;
				PRODUCT_NAME = "$(TARGET_NAME)";
				SWIFT_VERSION = 4.0;
				TARGETED_DEVICE_FAMILY = "1,2";
				TEST_HOST = "$(BUILT_PRODUCTS_DIR)/Example.app/Example";
			};
			name = Debug;
		};
		80B218671FE7B3150049A3F8 /* Release */ = {
			isa = XCBuildConfiguration;
			buildSettings = {
				ALWAYS_EMBED_SWIFT_STANDARD_LIBRARIES = YES;
				BUNDLE_LOADER = "$(TEST_HOST)";
				CODE_SIGN_STYLE = Automatic;
				INFOPLIST_FILE = ExampleTests/Info.plist;
				LD_RUNPATH_SEARCH_PATHS = "$(inherited) @executable_path/Frameworks @loader_path/Frameworks";
				PRODUCT_BUNDLE_IDENTIFIER = Jiar.ExampleTests;
				PRODUCT_NAME = "$(TARGET_NAME)";
				SWIFT_VERSION = 4.0;
				TARGETED_DEVICE_FAMILY = "1,2";
				TEST_HOST = "$(BUILT_PRODUCTS_DIR)/Example.app/Example";
			};
			name = Release;
		};
		80B218691FE7B3150049A3F8 /* Debug */ = {
			isa = XCBuildConfiguration;
			buildSettings = {
				ALWAYS_EMBED_SWIFT_STANDARD_LIBRARIES = YES;
				CODE_SIGN_STYLE = Automatic;
				INFOPLIST_FILE = ExampleUITests/Info.plist;
				LD_RUNPATH_SEARCH_PATHS = "$(inherited) @executable_path/Frameworks @loader_path/Frameworks";
				PRODUCT_BUNDLE_IDENTIFIER = Jiar.ExampleUITests;
				PRODUCT_NAME = "$(TARGET_NAME)";
				SWIFT_VERSION = 4.0;
				TARGETED_DEVICE_FAMILY = "1,2";
				TEST_TARGET_NAME = Example;
			};
			name = Debug;
		};
		80B2186A1FE7B3150049A3F8 /* Release */ = {
			isa = XCBuildConfiguration;
			buildSettings = {
				ALWAYS_EMBED_SWIFT_STANDARD_LIBRARIES = YES;
				CODE_SIGN_STYLE = Automatic;
				INFOPLIST_FILE = ExampleUITests/Info.plist;
				LD_RUNPATH_SEARCH_PATHS = "$(inherited) @executable_path/Frameworks @loader_path/Frameworks";
				PRODUCT_BUNDLE_IDENTIFIER = Jiar.ExampleUITests;
				PRODUCT_NAME = "$(TARGET_NAME)";
				SWIFT_VERSION = 4.0;
				TARGETED_DEVICE_FAMILY = "1,2";
				TEST_TARGET_NAME = Example;
			};
			name = Release;
		};
/* End XCBuildConfiguration section */

/* Begin XCConfigurationList section */
		80B218351FE7B3150049A3F8 /* Build configuration list for PBXProject "Example" */ = {
			isa = XCConfigurationList;
			buildConfigurations = (
				80B218601FE7B3150049A3F8 /* Debug */,
				80B218611FE7B3150049A3F8 /* Release */,
			);
			defaultConfigurationIsVisible = 0;
			defaultConfigurationName = Release;
		};
		80B218621FE7B3150049A3F8 /* Build configuration list for PBXNativeTarget "Example" */ = {
			isa = XCConfigurationList;
			buildConfigurations = (
				80B218631FE7B3150049A3F8 /* Debug */,
				80B218641FE7B3150049A3F8 /* Release */,
			);
			defaultConfigurationIsVisible = 0;
			defaultConfigurationName = Release;
		};
		80B218651FE7B3150049A3F8 /* Build configuration list for PBXNativeTarget "ExampleTests" */ = {
			isa = XCConfigurationList;
			buildConfigurations = (
				80B218661FE7B3150049A3F8 /* Debug */,
				80B218671FE7B3150049A3F8 /* Release */,
			);
			defaultConfigurationIsVisible = 0;
			defaultConfigurationName = Release;
		};
		80B218681FE7B3150049A3F8 /* Build configuration list for PBXNativeTarget "ExampleUITests" */ = {
			isa = XCConfigurationList;
			buildConfigurations = (
				80B218691FE7B3150049A3F8 /* Debug */,
				80B2186A1FE7B3150049A3F8 /* Release */,
			);
			defaultConfigurationIsVisible = 0;
			defaultConfigurationName = Release;
		};
/* End XCConfigurationList section */
	};
	rootObject = 80B218321FE7B3150049A3F8 /* Project object */;
}
